lockfileVersion: '9.0'

settings:
  autoInstallPeers: true
  excludeLinksFromLockfile: false

importers:

  .:
    devDependencies:
      turbo:
        specifier: ^2.0.0
        version: 2.10.5

  apps/mobile: {}

  apps/scraper:
    dependencies:
      '@hatahelper/db':
        specifier: workspace:*
        version: link:../../packages/db
      axios:
        specifier: ^1.18.1
        version: 1.18.1(debug@4.4.3)
      cheerio:
        specifier: ^1.2.0
        version: 1.2.0
    devDependencies:
      '@hatahelper/typescript-config':
        specifier: workspace:*
        version: link:../../packages/typescript-config
      '@types/cheerio':
        specifier: ^1.0.0
        version: 1.0.0
      '@types/node':
        specifier: ^20.19.43
        version: 20.19.43
      tsx:
        specifier: ^4.7.0
        version: 4.23.1
      typescript:
        specifier: ^5.9.3
        version: 5.9.3

  apps/web:
    dependencies:
      '@hatahelper/types':
        specifier: workspace:*
        version: link:../../packages/types
      next:
        specifier: ^14.2.0
        version: 14.2.35(react-dom@18.3.1(react@18.3.1))(react@18.3.1)
      react:
        specifier: ^18.3.0
        version: 18.3.1
      react-dom:
        specifier: ^18.3.0
        version: 18.3.1(react@18.3.1)
    devDependencies:
      '@types/node':
        specifier: ^20.0.0
        version: 20.19.43
      '@types/react':
        specifier: ^18.3.0
        version: 18.3.31
      '@types/react-dom':
        specifier: ^18.3.0
        version: 18.3.7(@types/react@18.3.31)
      typescript:
        specifier: ^5.0.0
        version: 5.9.3

  packages/db:
    dependencies:
      mongoose:
        specifier: ^8.24.1
        version: 8.24.1
    devDependencies:
      '@hatahelper/typescript-config':
        specifier: workspace:*
        version: link:../typescript-config
      '@types/node':
        specifier: ^20.19.43
        version: 20.19.43
      typescript:
        specifier: ^5.9.3
        version: 5.9.3

  packages/types:
    devDependencies:
      typescript:
        specifier: ^5.0.0
        version: 5.9.3

  packages/typescript-config: {}

  packages/ui:
    dependencies:
      react:
        specifier: ^18.0.0 || ^19.0.0
        version: 18.3.1
      react-dom:
        specifier: ^18.0.0 || ^19.0.0
        version: 18.3.1(react@18.3.1)
    devDependencies:
      '@types/react':
        specifier: ^18.0.0
        version: 18.3.31
      typescript:
        specifier: ^5.0.0
        version: 5.9.3

packages:

  '@esbuild/aix-ppc64@0.28.1':
    resolution: {integrity: sha512-Svl7tq8k/08+p6CXPpRjQ1fKX+1odH/BQbb48fV6fj3CWHhsoIOoY87w1oHXm0qEpkIK3ZfVgp0hed3XBXzXMQ==}
    engines: {node: '>=18'}
    cpu: [ppc64]
    os: [aix]

  '@esbuild/android-arm64@0.28.1':
    resolution: {integrity: sha512-34EGEbCIAgosYz6goLcopX6Mo7NyGv9tfwEM2/7Ce2VcVRk568iSvniGWcUXIy7wEDR1wzolcxcriFVrWYcwBg==}
    engines: {node: '>=18'}
    cpu: [arm64]
    os: [android]

  '@esbuild/android-arm@0.28.1':
    resolution: {integrity: sha512-0k2F129Xdio1TdJfzJ8sy1Q47vUD2NnwdhiAf7drUN1EBTfPf4hsFCtmMgu/6m8JSzsBrlmVjudMBQqOfG8usQ==}
    engines: {node: '>=18'}
    cpu: [arm]
    os: [android]

  '@esbuild/android-x64@0.28.1':
    resolution: {integrity: sha512-dbwY7ltSMDWsRatcRpCnES4F+im88OCUgGZjy52shC7GqHRE/cYlxNbB4Z4UpJswpcc4Qxd2oE/ufM0p61IKng==}
    engines: {node: '>=18'}
    cpu: [x64]
    os: [android]

  '@esbuild/darwin-arm64@0.28.1':
    resolution: {integrity: sha512-TZbWkQY7kvTAXbXUT7uVACR5cMHsDiSz9z7ZKAX/RTq/WJEk3QyRr0wZpNhBDX+/0CtdqUIJlOiodQcta6tY3Q==}
    engines: {node: '>=18'}
    cpu: [arm64]
    os: [darwin]

  '@esbuild/darwin-x64@0.28.1':
    resolution: {integrity: sha512-zfdzgK9ACBNZLI/CyHTOx81SyNbM6YXn7rxSgX97VjyiPl9W1i4Ka4fgKECEoFCKGpvBj5qArWIGgQjOwkgskQ==}
    engines: {node: '>=18'}
    cpu: [x64]
    os: [darwin]

  '@esbuild/freebsd-arm64@0.28.1':
    resolution: {integrity: sha512-wG2EA8ENdEI0qhkSZMjfqrdY+ziCYCPMmtZjjIwOmXFjmyzEHn+UUxk5of+SYsjtfs3VpnlC7QLzSI5hY/rOAw==}
    engines: {node: '>=18'}
    cpu: [arm64]
    os: [freebsd]

  '@esbuild/freebsd-x64@0.28.1':
    resolution: {integrity: sha512-i7dZ9vQgnvSCzi/rYCXNgtF/U+eKZNJBzu3eTQbRgHnM7tNSizLOkRFAl3qzVc/Op/u5YkHHa4pf/3DOYHthLQ==}
    engines: {node: '>=18'}
    cpu: [x64]
    os: [freebsd]

  '@esbuild/linux-arm64@0.28.1':
    resolution: {integrity: sha512-yHs+0uc8+nvEAfAfxrWQKK5peSNzBc4PegcMO0EJ2hT71uA7vB8Ihg2e77R2P7SG5uYjPbHlLLmve4LLLRCf0g==}
    engines: {node: '>=18'}
    cpu: [arm64]
    os: [linux]

  '@esbuild/linux-arm@0.28.1':
    resolution: {integrity: sha512-qVXBOHQS+d5Y722GwJzJUtOLlX7km3CraOaGormF1pDtPd2C/l1SHRPgjLunLGe51Sh5YYWKMFDyV4SxgMQYTQ==}
    engines: {node: '>=18'}
    cpu: [arm]
    os: [linux]

  '@esbuild/linux-ia32@0.28.1':
    resolution: {integrity: sha512-d1z4ZuP0ajrfz/FhGT4vv278rX8KnPPJx8i5+AtK7TYbx9Le9F1hyzurZpkEyjkGa9dUGhQow4C1NmeGvqxN2w==}
    engines: {node: '>=18'}
    cpu: [ia32]
    os: [linux]

  '@esbuild/linux-loong64@0.28.1':
    resolution: {integrity: sha512-M5sRjUVZrkm1OAPR3dlOYzNmN+loZKGVi1VUQGrwuqLcbR6qeAz+famMhjASeH3YVKvZz+zT1jlh/keC3Rj/lg==}
    engines: {node: '>=18'}
    cpu: [loong64]
    os: [linux]

  '@esbuild/linux-mips64el@0.28.1':
    resolution: {integrity: sha512-mRObBZeHh2OxcBFPWE/FjylkRgZdYuiTR3vaTozquCGOH14iP9oN4x4Ge81CoIDYQrXmIxpFumJBu5MtZpnQJQ==}
    engines: {node: '>=18'}
    cpu: [mips64el]
    os: [linux]

  '@esbuild/linux-ppc64@0.28.1':
    resolution: {integrity: sha512-slScBsMAb3GFDcdrCgLwZtPYRoH2H/youv10QiZyRjmsP48fznoveWytSgCI/R0ZcUgpc0ZhIUEx6LHts8yrfQ==}
    engines: {node: '>=18'}
    cpu: [ppc64]
    os: [linux]

  '@esbuild/linux-riscv64@0.28.1':
    resolution: {integrity: sha512-kw0owk1o0GFETUJyW0jc0G4Yzs0BHZn0JDZ8JRT088vjJYX777BAs1fDGxAC+q831qOs2DTC96mNsG2opdfyyQ==}
    engines: {node: '>=18'}
    cpu: [riscv64]
    os: [linux]

  '@esbuild/linux-s390x@0.28.1':
    resolution: {integrity: sha512-/lAIjX8aYFRByhh6L5rYtPEDRqa9de/4V/juOXcta5frjvzXO4/sqEtyytse0g3zZFuWu5cDN0MkLz2qRDD2Ag==}
    engines: {node: '>=18'}
    cpu: [s390x]
    os: [linux]

  '@esbuild/linux-x64@0.28.1':
    resolution: {integrity: sha512-u/anNYF2mmVOEDwLtnQ1wOr3EZ9sTNGLWrsYGYwHWzGA3Si84IOkHXlbWTD1NB+9/1lcnweYKO54uhxZydNzfA==}
    engines: {node: '>=18'}
    cpu: [x64]
    os: [linux]

  '@esbuild/netbsd-arm64@0.28.1':
    resolution: {integrity: sha512-oks0DYbLwWMmaakTsCb+zL4E+aHRVLom9IJZOAthMQEPiQmydXHkziYEsGYRx0uNV/IjEKGAV941JzH02pflqw==}
    engines: {node: '>=18'}
    cpu: [arm64]
    os: [netbsd]

  '@esbuild/netbsd-x64@0.28.1':
    resolution: {integrity: sha512-aeL6lAnN89Hz43Mlh1G8ARasbuoYvSITDEx0tHh5b7jJnHcssqgjy9Yx430GDpmCa6OyrKoS0aNRjKundRizGg==}
    engines: {node: '>=18'}
    cpu: [x64]
    os: [netbsd]

  '@esbuild/openbsd-arm64@0.28.1':
    resolution: {integrity: sha512-MEFJe5C3R8pwXdZ5Y21oo6m7ePiS0d9pWucn99O/wvyJZChoIQKrQDxKrGeW8F5+T0okTHesAmDeiHDTIq0V/Q==}
    engines: {node: '>=18'}
    cpu: [arm64]
    os: [openbsd]

  '@esbuild/openbsd-x64@0.28.1':
    resolution: {integrity: sha512-i/ZLIOafE0Z8cI/XANJAixoJL/uRAoS2xOA3rb0xN+KK0K177cMAsQYkzHtBrtMXAKuAc7HGgcWiZ/sRC1Nxgw==}
    engines: {node: '>=18'}
    cpu: [x64]
    os: [openbsd]

  '@esbuild/openharmony-arm64@0.28.1':
    resolution: {integrity: sha512-ge+Z7EXFNt2BO1oAMsVpiQ8EwndV9i1xXerAeTIK7AtPs3bKFXQM7nlRxDSIUIMeueR1CNXxqztLzdNeReKBJg==}
    engines: {node: '>=18'}
    cpu: [arm64]
    os: [openharmony]

  '@esbuild/sunos-x64@0.28.1':
    resolution: {integrity: sha512-BEjgtECkL3vY+SaSQ6nzVfiALUeFxpawyp8Jmf5PtYhf1Ug40N1h/hxlhts+f1FvSvarEigdxS3BlSMI2PJLcQ==}
    engines: {node: '>=18'}
    cpu: [x64]
    os: [sunos]

  '@esbuild/win32-arm64@0.28.1':
    resolution: {integrity: sha512-lCv9eK/H6ZJWbE7bh2nw54CZ9M2nupBxJcTsdk/QQnWkdSjKGuxmmH8/GWrlT1eMmZfn4dGcCjRte397WqfQXA==}
    engines: {node: '>=18'}
    cpu: [arm64]
    os: [win32]

  '@esbuild/win32-ia32@0.28.1':
    resolution: {integrity: sha512-zvb/mB2bSCoJOpoCBgYKKpX6YM6mJBlBUVUtVj41DlZJVEB6/0CKlRYxP5wWl1C1ILiCoAU5wZZ4q1P3qeS6Eg==}
    engines: {node: '>=18'}
    cpu: [ia32]
    os: [win32]

  '@esbuild/win32-x64@0.28.1':
    resolution: {integrity: sha512-bm4Mowrv+GXMlpWX++EcXw/iLyd1o3+bJkC2DkWXYVvgZCqD/bSj9ctZeAMC3cIxgjRVR2Dufaiu4YPxr5gW1A==}
    engines: {node: '>=18'}
    cpu: [x64]
    os: [win32]

  '@mongodb-js/saslprep@1.4.12':
    resolution: {integrity: sha512-QAfAMwNgnYxZ2C6D1HgeP7Gc4i/uvJRim415PCIL9ptRxWMNbWeLBYb2/9R4pGKny/s1FVu2JA2cxCUBUOggrA==}

  '@next/env@14.2.35':
    resolution: {integrity: sha512-DuhvCtj4t9Gwrx80dmz2F4t/zKQ4ktN8WrMwOuVzkJfBilwAwGr6v16M5eI8yCuZ63H9TTuEU09Iu2HqkzFPVQ==}

  '@next/swc-darwin-arm64@14.2.33':
    resolution: {integrity: sha512-HqYnb6pxlsshoSTubdXKu15g3iivcbsMXg4bYpjL2iS/V6aQot+iyF4BUc2qA/J/n55YtvE4PHMKWBKGCF/+wA==}
    engines: {node: '>= 10'}
    cpu: [arm64]
    os: [darwin]

  '@next/swc-darwin-x64@14.2.33':
    resolution: {integrity: sha512-8HGBeAE5rX3jzKvF593XTTFg3gxeU4f+UWnswa6JPhzaR6+zblO5+fjltJWIZc4aUalqTclvN2QtTC37LxvZAA==}
    engines: {node: '>= 10'}
    cpu: [x64]
    os: [darwin]

  '@next/swc-linux-arm64-gnu@14.2.33':
    resolution: {integrity: sha512-JXMBka6lNNmqbkvcTtaX8Gu5by9547bukHQvPoLe9VRBx1gHwzf5tdt4AaezW85HAB3pikcvyqBToRTDA4DeLw==}
    engines: {node: '>= 10'}
    cpu: [arm64]
    os: [linux]
    libc: [glibc]

  '@next/swc-linux-arm64-musl@14.2.33':
    resolution: {integrity: sha512-Bm+QulsAItD/x6Ih8wGIMfRJy4G73tu1HJsrccPW6AfqdZd0Sfm5Imhgkgq2+kly065rYMnCOxTBvmvFY1BKfg==}
    engines: {node: '>= 10'}
    cpu: [arm64]
    os: [linux]
    libc: [musl]

  '@next/swc-linux-x64-gnu@14.2.33':
    resolution: {integrity: sha512-FnFn+ZBgsVMbGDsTqo8zsnRzydvsGV8vfiWwUo1LD8FTmPTdV+otGSWKc4LJec0oSexFnCYVO4hX8P8qQKaSlg==}
    engines: {node: '>= 10'}
    cpu: [x64]
    os: [linux]
    libc: [glibc]

  '@next/swc-linux-x64-musl@14.2.33':
    resolution: {integrity: sha512-345tsIWMzoXaQndUTDv1qypDRiebFxGYx9pYkhwY4hBRaOLt8UGfiWKr9FSSHs25dFIf8ZqIFaPdy5MljdoawA==}
    engines: {node: '>= 10'}
    cpu: [x64]
    os: [linux]
    libc: [musl]

  '@next/swc-win32-arm64-msvc@14.2.33':
    resolution: {integrity: sha512-nscpt0G6UCTkrT2ppnJnFsYbPDQwmum4GNXYTeoTIdsmMydSKFz9Iny2jpaRupTb+Wl298+Rh82WKzt9LCcqSQ==}
    engines: {node: '>= 10'}
    cpu: [arm64]
    os: [win32]

  '@next/swc-win32-ia32-msvc@14.2.33':
    resolution: {integrity: sha512-pc9LpGNKhJ0dXQhZ5QMmYxtARwwmWLpeocFmVG5Z0DzWq5Uf0izcI8tLc+qOpqxO1PWqZ5A7J1blrUIKrIFc7Q==}
    engines: {node: '>= 10'}
    cpu: [ia32]
    os: [win32]

  '@next/swc-win32-x64-msvc@14.2.33':
    resolution: {integrity: sha512-nOjfZMy8B94MdisuzZo9/57xuFVLHJaDj5e/xrduJp9CV2/HrfxTRH2fbyLe+K9QT41WBLUd4iXX3R7jBp0EUg==}
    engines: {node: '>= 10'}
    cpu: [x64]
    os: [win32]

  '@swc/counter@0.1.3':
    resolution: {integrity: sha512-e2BR4lsJkkRlKZ/qCHPw9ZaSxc0MVUd7gtbtaB7aMvHeJVYe8sOB8DBZkP2DtISHGSku9sCK6T6cnY0CtXrOCQ==}

  '@swc/helpers@0.5.5':
    resolution: {integrity: sha512-KGYxvIOXcceOAbEk4bi/dVLEK9z8sZ0uBB3Il5b1rhfClSpcX0yfRO0KmTkqR2cnQDymwLB+25ZyMzICg/cm/A==}

  '@turbo/darwin-64@2.10.5':
    resolution: {integrity: sha512-ENvPwy3x5yS7MwNYHeWjqOBXkwIMp39Pd+/zXC6PoiNzF8EIvvLZOZZ+ny6L9x4WgS5vxUii2LM5gM+zjPdnWw==}
    cpu: [x64]
    os: [darwin]

  '@turbo/darwin-arm64@2.10.5':
    resolution: {integrity: sha512-rqROo9zsF/P9RqsdtbLD1nFJicjSrYyvQ9kNJC38AbxA3pAs6VAlATvtvOFx7bqOv6vicf20SP9kF33avJjy2w==}
    cpu: [arm64]
    os: [darwin]

  '@turbo/linux-64@2.10.5':
    resolution: {integrity: sha512-RoSSiNFUxi27zLJuM9F6GyWWjHgLch9t6nwD6K0FkXRirZkTLlzIj6IhFnK8H9++nefLtdFqylE4vGjZAv6AAA==}
    cpu: [x64]
    os: [linux]

  '@turbo/linux-arm64@2.10.5':
    resolution: {integrity: sha512-4ZComcpzmHGmVynQqvvi+iZOSq/tBvY1SltXB8g4NZRsrA01W8E+yRL8RNM+PLoyWsrCnJa8xa+DkWkv+xg4iQ==}
    cpu: [arm64]
    os: [linux]

  '@turbo/windows-64@2.10.5':
    resolution: {integrity: sha512-eL2Iyj4DbMINq1Sr1w0iAi6nAiZOF16KSlRGwCJpVh+IWZeY33MAsLHVOBMj1xoFtncVJXclCVpTPL2nBoYkFg==}
    cpu: [x64]
    os: [win32]

  '@turbo/windows-arm64@2.10.5':
    resolution: {integrity: sha512-sog+wP+8YSJrdWZ/rUJg8xghVTrwoG+BrSlDQpnK5fzSgJHn1INRWXbVWRH0d3vX8dBI01E3yxXRre9Dn+OXQA==}
    cpu: [arm64]
    os: [win32]

  '@types/cheerio@1.0.0':
    resolution: {integrity: sha512-zAaImHWoh5RY2CLgU2mvg3bl2k3F65B0N5yphuII3ythFLPmJhL7sj1RDu6gSxcgqHlETbr/lhA2OBY+WF1fXQ==}
    deprecated: This is a stub types definition. cheerio provides its own type definitions, so you do not need this installed.

  '@types/node@20.19.43':
    resolution: {integrity: sha512-6oYBAi5ikg4Pl+kGsoYtawUMBT2zZMCvPNF7pVLnHZfd1zf38DRiWn/gT01RYCdUqkv7Fhr+C9ot4/tb+2sVvA==}

  '@types/prop-types@15.7.15':
    resolution: {integrity: sha512-F6bEyamV9jKGAFBEmlQnesRPGOQqS2+Uwi0Em15xenOxHaf2hv6L8YCVn3rPdPJOiJfPiCnLIRyvwVaqMY3MIw==}

  '@types/react-dom@18.3.7':
    resolution: {integrity: sha512-MEe3UeoENYVFXzoXEWsvcpg6ZvlrFNlOQ7EOsvhI3CfAXwzPfO8Qwuxd40nepsYKqyyVQnTdEfv68q91yLcKrQ==}
    peerDependencies:
      '@types/react': ^18.0.0

  '@types/react@18.3.31':
    resolution: {integrity: sha512-vfEqpXTvwT91yhmwdfouStN2hSKwTvyRs8qpLfADyrq/kxDw0hZM7Wk9Ug1FELj8hIby+S/+kQCSRFF32nv2Qw==}

  '@types/webidl-conversions@7.0.3':
    resolution: {integrity: sha512-CiJJvcRtIgzadHCYXw7dqEnMNRjhGZlYK05Mj9OyktqV8uVT8fD2BFOB7S1uwBE3Kj2Z+4UyPmFw/Ixgw/LAlA==}

  '@types/whatwg-url@11.0.5':
    resolution: {integrity: sha512-coYR071JRaHa+xoEvvYqvnIHaVqaYrLPbsufM9BF63HkwI5Lgmy2QR8Q5K/lYDYo5AK82wOvSOS0UsLTpTG7uQ==}

  agent-base@6.0.2:
    resolution: {integrity: sha512-RZNwNclF7+MS/8bDg70amg32dyeZGZxiDuQmZxKLAlQjr3jGyLx+4Kkk58UO7D2QdgFIQCovuSuZESne6RG6XQ==}
    engines: {node: '>= 6.0.0'}

  asynckit@0.4.0:
    resolution: {integrity: sha512-Oei9OH4tRh0YqU3GxhX79dM/mwVgvbZJaSNaRk+bshkj0S5cfHcgYakreBjrHwatXKbz+IoIdYLxrKim2MjW0Q==}

  axios@1.18.1:
    resolution: {integrity: sha512-3nTvFlvpn9Zu/RkHUqtc7/+al4UpRW5az71ap5zccp6e8RAYEzhMTecX8Dz1wWDYrPpUoB1HAQEGEAEvUr7S9g==}

  boolbase@1.0.0:
    resolution: {integrity: sha512-JZOSA7Mo9sNGB8+UjSgzdLtokWAky1zbztM3WRLCbZ70/3cTANmQmOdR7y2g+J0e2WXywy1yS468tY+IruqEww==}

  bson@6.10.4:
    resolution: {integrity: sha512-WIsKqkSC0ABoBJuT1LEX+2HEvNmNKKgnTAyd0fL8qzK4SH2i9NXg+t08YtdZp/V9IZ33cxe3iV4yM0qg8lMQng==}
    engines: {node: '>=16.20.1'}

  busboy@1.6.0:
    resolution: {integrity: sha512-8SFQbg/0hQ9xy3UNTB0YEnsNBbWfhf7RtnzpL7TkBiTBRfrQ9Fxcnz7VJsleJpyp6rVLvXiuORqjlHi5q+PYuA==}
    engines: {node: '>=10.16.0'}

  call-bind-apply-helpers@1.0.2:
    resolution: {integrity: sha512-Sp1ablJ0ivDkSzjcaJdxEunN5/XvksFJ2sMBFfq6x0ryhQV/2b/KwFe21cMpmHtPOSij8K99/wSfoEuTObmuMQ==}
    engines: {node: '>= 0.4'}

  caniuse-lite@1.0.30001806:
    resolution: {integrity: sha512-72Cuvd95zbSYPKq6Fhg8eDJRlzgWDf7/mtoZv6Qe/DYNCEBdNxoA3+rZAU2ZhGCpZlns3EssFavaZomckT5Uuw==}

  cheerio-select@2.1.0:
    resolution: {integrity: sha512-9v9kG0LvzrlcungtnJtpGNxY+fzECQKhK4EGJX2vByejiMX84MFNQw4UxPJl3bFbTMw+Dfs37XaIkCwTZfLh4g==}

  cheerio@1.2.0:
    resolution: {integrity: sha512-WDrybc/gKFpTYQutKIK6UvfcuxijIZfMfXaYm8NMsPQxSYvf+13fXUJ4rztGGbJcBQ/GF55gvrZ0Bc0bj/mqvg==}
    engines: {node: '>=20.18.1'}

  client-only@0.0.1:
    resolution: {integrity: sha512-IV3Ou0jSMzZrd3pZ48nLkT9DA7Ag1pnPzaiQhpW7c3RbcqqzvzzVu+L8gfqMp/8IM2MQtSiqaCxrrcfu8I8rMA==}

  combined-stream@1.0.8:
    resolution: {integrity: sha512-FQN4MRfuJeHf7cBbBMJFXhKSDq+2kAArBlmRBvcvFE5BB1HZKXtSFASDhdlz9zOYwxh8lDdnvmMOe/+5cdoEdg==}
    engines: {node: '>= 0.8'}

  css-select@5.2.2:
    resolution: {integrity: sha512-TizTzUddG/xYLA3NXodFM0fSbNizXjOKhqiQQwvhlspadZokn1KDy0NZFS0wuEubIYAV5/c1/lAr0TaaFXEXzw==}

  css-what@6.2.2:
    resolution: {integrity: sha512-u/O3vwbptzhMs3L1fQE82ZSLHQQfto5gyZzwteVIEyeaY5Fc7R4dapF/BvRoSYFeqfBk4m0V1Vafq5Pjv25wvA==}
    engines: {node: '>= 6'}

  csstype@3.2.3:
    resolution: {integrity: sha512-z1HGKcYy2xA8AGQfwrn0PAy+PB7X/GSj3UVJW9qKyn43xWa+gl5nXmU4qqLMRzWVLFC8KusUX8T/0kCiOYpAIQ==}

  debug@4.4.3:
    resolution: {integrity: sha512-RGwwWnwQvkVfavKVt22FGLw+xYSdzARwm0ru6DhTVA3umU5hZc28V3kO4stgYryrTlLpuvgI9GiijltAjNbcqA==}
    engines: {node: '>=6.0'}
    peerDependencies:
      supports-color: '*'
    peerDependenciesMeta:
      supports-color:
        optional: true

  delayed-stream@1.0.0:
    resolution: {integrity: sha512-ZySD7Nf91aLB0RxL4KGrKHBXl7Eds1DAmEdcoVawXnLD7SDhpNgtuII2aAkg7a7QS41jxPSZ17p4VdGnMHk3MQ==}
    engines: {node: '>=0.4.0'}

  dom-serializer@2.0.0:
    resolution: {integrity: sha512-wIkAryiqt/nV5EQKqQpo3SToSOV9J0DnbJqwK7Wv/Trc92zIAYZ4FlMu+JPFW1DfGFt81ZTCGgDEabffXeLyJg==}

  domelementtype@2.3.0:
    resolution: {integrity: sha512-OLETBj6w0OsagBwdXnPdN0cnMfF9opN69co+7ZrbfPGrdpPVNBUj02spi6B1N7wChLQiPn4CSH/zJvXw56gmHw==}

  domhandler@5.0.3:
    resolution: {integrity: sha512-cgwlv/1iFQiFnU96XXgROh8xTeetsnJiDsTc7TYCLFd9+/WNkIqPTxiM/8pSd8VIrhXGTf1Ny1q1hquVqDJB5w==}
    engines: {node: '>= 4'}

  domutils@3.2.2:
    resolution: {integrity: sha512-6kZKyUajlDuqlHKVX1w7gyslj9MPIXzIFiz/rGu35uC1wMi+kMhQwGhl4lt9unC9Vb9INnY9Z3/ZA3+FhASLaw==}

  dunder-proto@1.0.1:
    resolution: {integrity: sha512-KIN/nDJBQRcXw0MLVhZE9iQHmG68qAVIBg9CqmUYjmQIhgij9U5MFvrqkUL5FbtyyzZuOeOt0zdeRe4UY7ct+A==}
    engines: {node: '>= 0.4'}

  encoding-sniffer@0.2.1:
    resolution: {integrity: sha512-5gvq20T6vfpekVtqrYQsSCFZ1wEg5+wW0/QaZMWkFr6BqD3NfKs0rLCx4rrVlSWJeZb5NBJgVLswK/w2MWU+Gw==}

  entities@4.5.0:
    resolution: {integrity: sha512-V0hjH4dGPh9Ao5p0MoRY6BVqtwCjhz6vI5LT8AJ55H+4g9/4vbHx1I54fS0XuclLhDHArPQCiMjDxjaL8fPxhw==}
    engines: {node: '>=0.12'}

  entities@6.0.1:
    resolution: {integrity: sha512-aN97NXWF6AWBTahfVOIrB/NShkzi5H7F9r1s9mD3cDj4Ko5f2qhhVoYMibXF7GlLveb/D2ioWay8lxI97Ven3g==}
    engines: {node: '>=0.12'}

  entities@7.0.1:
    resolution: {integrity: sha512-TWrgLOFUQTH994YUyl1yT4uyavY5nNB5muff+RtWaqNVCAK408b5ZnnbNAUEWLTCpum9w6arT70i1XdQ4UeOPA==}
    engines: {node: '>=0.12'}

  es-define-property@1.0.1:
    resolution: {integrity: sha512-e3nRfgfUZ4rNGL232gUgX06QNyyez04KdjFrF+LTRoOXmrOgFKDg4BCdsjW8EnT69eqdYGmRpJwiPVYNrCaW3g==}
    engines: {node: '>= 0.4'}

  es-errors@1.3.0:
    resolution: {integrity: sha512-Zf5H2Kxt2xjTvbJvP2ZWLEICxA6j+hAmMzIlypy4xcBg1vKVnx89Wy0GbS+kf5cwCVFFzdCFh2XSCFNULS6csw==}
    engines: {node: '>= 0.4'}

  es-object-atoms@1.1.2:
    resolution: {integrity: sha512-HWcBoN6NileqtSydK2FqHbS/LoDd2pqrnQHLyJzBj4kOp/ky2MWMN694xOfkK8/SnUsW2DH7EfyVlydKCsm1Zw==}
    engines: {node: '>= 0.4'}

  es-set-tostringtag@2.1.0:
    resolution: {integrity: sha512-j6vWzfrGVfyXxge+O0x5sh6cvxAog0a/4Rdd2K36zCMV5eJ+/+tOAngRO8cODMNWbVRdVlmGZQL2YS3yR8bIUA==}
    engines: {node: '>= 0.4'}

  esbuild@0.28.1:
    resolution: {integrity: sha512-HrJrvZv5ayxBzPfwphOoNzkzOIIlifzk0KJrGK2c8R4+LKpMtpYLQeUdjnwjWv/LZlkH2laZk+4w78pi99D4Vw==}
    engines: {node: '>=18'}
    hasBin: true

  follow-redirects@1.16.0:
    resolution: {integrity: sha512-y5rN/uOsadFT/JfYwhxRS5R7Qce+g3zG97+JrtFZlC9klX/W5hD7iiLzScI4nZqUS7DNUdhPgw4xI8W2LuXlUw==}
    engines: {node: '>=4.0'}
    peerDependencies:
      debug: '*'
    peerDependenciesMeta:
      debug:
        optional: true

  form-data@4.0.6:
    resolution: {integrity: sha512-vKatAh4SlVfgbv+YtmhiRjhEMJsYpsG1Y2rMQtR+SVSbytsSD1YGzDIcrAJmdFec88u/+VoGmxnl+80gL1tRCQ==}
    engines: {node: '>= 6'}

  fsevents@2.3.3:
    resolution: {integrity: sha512-5xoDfX+fL7faATnagmWPpbFtwh/R77WmMMqqHGS65C3vvB0YHrgF+B1YmZ3441tMj5n63k0212XNoJwzlhffQw==}
    engines: {node: ^8.16.0 || ^10.6.0 || >=11.0.0}
    os: [darwin]

  function-bind@1.1.2:
    resolution: {integrity: sha512-7XHNxH7qX9xG5mIwxkhumTox/MIRNcOgDrxWsMt2pAr23WHp6MrRlN7FBSFpCpr+oVO0F744iUgR82nJMfG2SA==}

  get-intrinsic@1.3.0:
    resolution: {integrity: sha512-9fSjSaos/fRIVIp+xSJlE6lfwhES7LNtKaCBIamHsjr2na1BiABJPo0mOjjz8GJDURarmCPGqaiVg5mfjb98CQ==}
    engines: {node: '>= 0.4'}

  get-proto@1.0.1:
    resolution: {integrity: sha512-sTSfBjoXBp89JvIKIefqw7U2CCebsc74kiY6awiGogKtoSGbgjYE/G/+l9sF3MWFPNc9IcoOC4ODfKHfxFmp0g==}
    engines: {node: '>= 0.4'}

  gopd@1.2.0:
    resolution: {integrity: sha512-ZUKRh6/kUFoAiTAtTYPZJ3hw9wNxx+BIBOijnlG9PnrJsCcSjs1wyyD6vJpaYtgnzDrKYRSqf3OO6Rfa93xsRg==}
    engines: {node: '>= 0.4'}

  graceful-fs@4.2.11:
    resolution: {integrity: sha512-RbJ5/jmFcNNCcDV5o9eTnBLJ/HszWV0P73bc+Ff4nS/rJj+YaS6IGyiOL0VoBYX+l1Wrl3k63h/KrH+nhJ0XvQ==}

  has-symbols@1.1.0:
    resolution: {integrity: sha512-1cDNdwJ2Jaohmb3sg4OmKaMBwuC48sYni5HUw2DvsC8LjGTLK9h+eb1X6RyuOHe4hT0ULCW68iomhjUoKUqlPQ==}
    engines: {node: '>= 0.4'}

  has-tostringtag@1.0.2:
    resolution: {integrity: sha512-NqADB8VjPFLM2V0VvHUewwwsw0ZWBaIdgo+ieHtK3hasLz4qeCRjYcqfB6AQrBggRKppKF8L52/VqdVsO47Dlw==}
    engines: {node: '>= 0.4'}

  hasown@2.0.4:
    resolution: {integrity: sha512-T2UbfbBEF32wiepXIsMlTW9+dDYC6wMh/t/vYA4tuOMKqWz/n3vr1NFSxQiyP+zk2mXsoMA/i/7qV6LKut1t1A==}
    engines: {node: '>= 0.4'}

  htmlparser2@10.1.0:
    resolution: {integrity: sha512-VTZkM9GWRAtEpveh7MSF6SjjrpNVNNVJfFup7xTY3UpFtm67foy9HDVXneLtFVt4pMz5kZtgNcvCniNFb1hlEQ==}

  https-proxy-agent@5.0.1:
    resolution: {integrity: sha512-dFcAjpTQFgoLMzC2VwU+C/CbS7uRL0lWmxDITmqm7C+7F0Odmj6s9l6alZc6AELXhrnggM2CeWSXHGOdX2YtwA==}
    engines: {node: '>= 6'}

  iconv-lite@0.6.3:
    resolution: {integrity: sha512-4fCk79wshMdzMp2rH06qWrJE4iolqLhCUH+OiuIgU++RB0+94NlDL81atO7GX55uUKueo0txHNtvEyI6D7WdMw==}
    engines: {node: '>=0.10.0'}

  js-tokens@4.0.0:
    resolution: {integrity: sha512-RdJUflcE3cUzKiMqQgsCu06FPu9UdIJO0beYbPhHN4k6apgJtifcoCtT9bcxOpYBtpD2kCM6Sbzg4CausW/PKQ==}

  kareem@2.6.3:
    resolution: {integrity: sha512-C3iHfuGUXK2u8/ipq9LfjFfXFxAZMQJJq7vLS45r3D9Y2xQ/m4S8zaR4zMLFWh9AsNPXmcFfUDhTEO8UIC/V6Q==}
    engines: {node: '>=12.0.0'}

  loose-envify@1.4.0:
    resolution: {integrity: sha512-lyuxPGr/Wfhrlem2CL/UcnUc1zcqKAImBDzukY7Y5F/yQiNdko6+fRLevlw1HgMySw7f611UIY408EtxRSoK3Q==}
    hasBin: true

  math-intrinsics@1.1.0:
    resolution: {integrity: sha512-/IXtbwEk5HTPyEwyKX6hGkYXxM9nbj64B+ilVJnC/R6B0pH5G4V3b0pVbL7DBj4tkhBAppbQUlf6F6Xl9LHu1g==}
    engines: {node: '>= 0.4'}

  memory-pager@1.5.0:
    resolution: {integrity: sha512-ZS4Bp4r/Zoeq6+NLJpP+0Zzm0pR8whtGPf1XExKLJBAczGMnSi3It14OiNCStjQjM6NU1okjQGSxgEZN8eBYKg==}

  mime-db@1.52.0:
    resolution: {integrity: sha512-sPU4uV7dYlvtWJxwwxHD0PuihVNiE7TyAbQ5SWxDCB9mUYvOgroQOwYQQOKPJ8CIbE+1ETVlOoK1UC2nU3gYvg==}
    engines: {node: '>= 0.6'}

  mime-types@2.1.35:
    resolution: {integrity: sha512-ZDY+bPm5zTTF+YpCrAU9nK0UgICYPT0QtT1NZWFv4s++TNkcgVaT0g6+4R2uI4MjQjzysHB1zxuWL50hzaeXiw==}
    engines: {node: '>= 0.6'}

  mongodb-connection-string-url@3.0.2:
    resolution: {integrity: sha512-rMO7CGo/9BFwyZABcKAWL8UJwH/Kc2x0g72uhDWzG48URRax5TCIcJ7Rc3RZqffZzO/Gwff/jyKwCU9TN8gehA==}

  mongodb@6.20.0:
    resolution: {integrity: sha512-Tl6MEIU3K4Rq3TSHd+sZQqRBoGlFsOgNrH5ltAcFBV62Re3Fd+FcaVf8uSEQFOJ51SDowDVttBTONMfoYWrWlQ==}
    engines: {node: '>=16.20.1'}
    peerDependencies:
      '@aws-sdk/credential-providers': ^3.188.0
      '@mongodb-js/zstd': ^1.1.0 || ^2.0.0
      gcp-metadata: ^5.2.0
      kerberos: ^2.0.1
      mongodb-client-encryption: '>=6.0.0 <7'
      snappy: ^7.3.2
      socks: ^2.7.1
    peerDependenciesMeta:
      '@aws-sdk/credential-providers':
        optional: true
      '@mongodb-js/zstd':
        optional: true
      gcp-metadata:
        optional: true
      kerberos:
        optional: true
      mongodb-client-encryption:
        optional: true
      snappy:
        optional: true
      socks:
        optional: true

  mongoose@8.24.1:
    resolution: {integrity: sha512-UpHBA0l5kHyKJQFjmBaFYQFo5sgz1DK0TRqDkOyBLYbqiIbKKhIvBpHWBXqeo0rgW4kGI1UhhAw+kTQZoj1BdA==}
    engines: {node: '>=16.20.1'}

  mpath@0.9.0:
    resolution: {integrity: sha512-ikJRQTk8hw5DEoFVxHG1Gn9T/xcjtdnOKIU1JTmGjZZlg9LST2mBLmcX3/ICIbgJydT2GOc15RnNy5mHmzfSew==}
    engines: {node: '>=4.0.0'}

  mquery@5.0.0:
    resolution: {integrity: sha512-iQMncpmEK8R8ncT8HJGsGc9Dsp8xcgYMVSbs5jgnm1lFHTZqMJTUWTDx1LBO8+mK3tPNZWFLBghQEIOULSTHZg==}
    engines: {node: '>=14.0.0'}

  ms@2.1.3:
    resolution: {integrity: sha512-6FlzubTLZG3J2a/NVCAleEhjzq5oxgHyaCU9yYXvcLsvoVaHJq/s5xXI6/XXP6tz7R9xAOtHnSO/tXtF3WRTlA==}

  nanoid@3.3.16:
    resolution: {integrity: sha512-bzlKTyNJ7+LdGIIwy8ijFpIqEQIvafahV7eYykJ8Cvh42EdJeODoJ6gUJXpQJvej1BddH8OqTXZNE/KfbWAu8Q==}
    engines: {node: ^10 || ^12 || ^13.7 || ^14 || >=15.0.1}
    hasBin: true

  next@14.2.35:
    resolution: {integrity: sha512-KhYd2Hjt/O1/1aZVX3dCwGXM1QmOV4eNM2UTacK5gipDdPN/oHHK/4oVGy7X8GMfPMsUTUEmGlsy0EY1YGAkig==}
    engines: {node: '>=18.17.0'}
    hasBin: true
    peerDependencies:
      '@opentelemetry/api': ^1.1.0
      '@playwright/test': ^1.41.2
      react: ^18.2.0
      react-dom: ^18.2.0
      sass: ^1.3.0
    peerDependenciesMeta:
      '@opentelemetry/api':
        optional: true
      '@playwright/test':
        optional: true
      sass:
        optional: true

  nth-check@2.1.1:
    resolution: {integrity: sha512-lqjrjmaOoAnWfMmBPL+XNnynZh2+swxiX3WUE0s4yEHI6m+AwrK2UZOimIRl3X/4QctVqS8AiZjFqyOGrMXb/w==}

  parse5-htmlparser2-tree-adapter@7.1.0:
    resolution: {integrity: sha512-ruw5xyKs6lrpo9x9rCZqZZnIUntICjQAd0Wsmp396Ul9lN/h+ifgVV1x1gZHi8euej6wTfpqX8j+BFQxF0NS/g==}

  parse5-parser-stream@7.1.2:
    resolution: {integrity: sha512-JyeQc9iwFLn5TbvvqACIF/VXG6abODeB3Fwmv/TGdLk2LfbWkaySGY72at4+Ty7EkPZj854u4CrICqNk2qIbow==}

  parse5@7.3.0:
    resolution: {integrity: sha512-IInvU7fabl34qmi9gY8XOVxhYyMyuH2xUNpb2q8/Y+7552KlejkRvqvD19nMoUW/uQGGbqNpA6Tufu5FL5BZgw==}

  picocolors@1.1.1:
    resolution: {integrity: sha512-xceH2snhtb5M9liqDsmEw56le376mTZkEX/jEb/RxNFyegNul7eNslCXP9FDj/Lcu0X8KEyMceP2ntpaHrDEVA==}

  postcss@8.4.31:
    resolution: {integrity: sha512-PS08Iboia9mts/2ygV3eLpY5ghnUcfLV/EXTOW1E2qYxJKGGBUtNjN76FYHnMs36RmARn41bC0AZmn+rR0OVpQ==}
    engines: {node: ^10 || ^12 || >=14}

  proxy-from-env@2.1.0:
    resolution: {integrity: sha512-cJ+oHTW1VAEa8cJslgmUZrc+sjRKgAKl3Zyse6+PV38hZe/V6Z14TbCuXcan9F9ghlz4QrFr2c92TNF82UkYHA==}
    engines: {node: '>=10'}

  punycode@2.3.1:
    resolution: {integrity: sha512-vYt7UD1U9Wg6138shLtLOvdAu+8DsC/ilFtEVHcH+wydcSpNE20AfSOduf6MkRFahL5FY7X1oU7nKVZFtfq8Fg==}
    engines: {node: '>=6'}

  react-dom@18.3.1:
    resolution: {integrity: sha512-5m4nQKp+rZRb09LNH59GM4BxTh9251/ylbKIbpe7TpGxfJ+9kv6BLkLBXIjjspbgbnIBNqlI23tRnTWT0snUIw==}
    peerDependencies:
      react: ^18.3.1

  react@18.3.1:
    resolution: {integrity: sha512-wS+hAgJShR0KhEvPJArfuPVN1+Hz1t0Y6n5jLrGQbkb4urgPE/0Rve+1kMB1v/oWgHgm4WIcV+i7F2pTVj+2iQ==}
    engines: {node: '>=0.10.0'}

  safer-buffer@2.1.2:
    resolution: {integrity: sha512-YZo3K82SD7Riyi0E1EQPojLz7kpepnSQI9IyPbHHg1XXXevb5dJI7tpyN2ADxGcQbHG7vcyRHk0cbwqcQriUtg==}

  scheduler@0.23.2:
    resolution: {integrity: sha512-UOShsPwz7NrMUqhR6t0hWjFduvOzbtv7toDH1/hIrfRNIDBnnBWd0CwJTGvTpngVlmwGCdP9/Zl/tVrDqcuYzQ==}

  sift@17.1.3:
    resolution: {integrity: sha512-Rtlj66/b0ICeFzYTuNvX/EF1igRbbnGSvEyT79McoZa/DeGhMyC5pWKOEsZKnpkqtSeovd5FL/bjHWC3CIIvCQ==}

  source-map-js@1.2.1:
    resolution: {integrity: sha512-UXWMKhLOwVKb728IUtQPXxfYU+usdybtUrK/8uGE8CQMvrhOpwvzDBwj0QhSL7MQc7vIsISBG8VQ8+IDQxpfQA==}
    engines: {node: '>=0.10.0'}

  sparse-bitfield@3.0.3:
    resolution: {integrity: sha512-kvzhi7vqKTfkh0PZU+2D2PIllw2ymqJKujUcyPMd9Y75Nv4nPbGJZXNhxsgdQab2BmlDct1YnfQCguEvHr7VsQ==}

  streamsearch@1.1.0:
    resolution: {integrity: sha512-Mcc5wHehp9aXz1ax6bZUyY5afg9u2rv5cqQI3mRrYkGC8rW2hM02jWuwjtL++LS5qinSyhj2QfLyNsuc+VsExg==}
    engines: {node: '>=10.0.0'}

  styled-jsx@5.1.1:
    resolution: {integrity: sha512-pW7uC1l4mBZ8ugbiZrcIsiIvVx1UmTfw7UkC3Um2tmfUq9Bhk8IiyEIPl6F8agHgjzku6j0xQEZbfA5uSgSaCw==}
    engines: {node: '>= 12.0.0'}
    peerDependencies:
      '@babel/core': '*'
      babel-plugin-macros: '*'
      react: '>= 16.8.0 || 17.x.x || ^18.0.0-0'
    peerDependenciesMeta:
      '@babel/core':
        optional: true
      babel-plugin-macros:
        optional: true

  tr46@5.1.1:
    resolution: {integrity: sha512-hdF5ZgjTqgAntKkklYw0R03MG2x/bSzTtkxmIRw/sTNV8YXsCJ1tfLAX23lhxhHJlEf3CRCOCGGWw3vI3GaSPw==}
    engines: {node: '>=18'}

  tslib@2.8.1:
    resolution: {integrity: sha512-oJFu94HQb+KVduSUQL7wnpmqnfmLsOA/nAh6b6EH0wCEoK0/mPeXU6c3wKDV83MkOuHPRHtSXKKU99IBazS/2w==}

  tsx@4.23.1:
    resolution: {integrity: sha512-GQHnkIfxyx1wYCOS/wonik5MVRZU9hi1TEZmzGZSCJB1y9YgoZ8H6itNE/u4suE+yLmOzuE4E5S4TZ/ZX2wcWQ==}
    engines: {node: '>=18.0.0'}
    hasBin: true

  turbo@2.10.5:
    resolution: {integrity: sha512-07Y/C7OUp23l4P92PJoYtFNbHjLhftrZH5Ce7dbczS4kX2Re+wtbXvZLoxn/pUtzgsQaRCBaRuZPJp4zmAn0WQ==}
    hasBin: true

  typescript@5.9.3:
    resolution: {integrity: sha512-jl1vZzPDinLr9eUt3J/t7V6FgNEw9QjvBPdysz9KfQDD41fQrC2Y4vKQdiaUpFT4bXlb1RHhLpp8wtm6M5TgSw==}
    engines: {node: '>=14.17'}
    hasBin: true

  undici-types@6.21.0:
    resolution: {integrity: sha512-iwDZqg0QAGrg9Rav5H4n0M64c3mkR59cJ6wQp+7C4nI0gsmExaedaYLNO44eT4AtBBwjbTiGPMlt2Md0T9H9JQ==}

  undici@7.28.0:
    resolution: {integrity: sha512-cRZYrTDwWznlnRiPjggAGxZXanty6M8RV1ff8Wm4LWXBp7/IG8v5DnOm74DtUBp9OONpK75YlPnIjQqX0dBDtA==}
    engines: {node: '>=20.18.1'}

  webidl-conversions@7.0.0:
    resolution: {integrity: sha512-VwddBukDzu71offAQR975unBIGqfKZpM+8ZX6ySk8nYhVoo5CYaZyzt3YBvYtRtO+aoGlqxPg/B87NGVZ/fu6g==}
    engines: {node: '>=12'}

  whatwg-encoding@3.1.1:
    resolution: {integrity: sha512-6qN4hJdMwfYBtE3YBTTHhoeuUrDBPZmbQaxWAqSALV/MeEnR5z1xd8UKud2RAkFoPkmB+hli1TZSnyi84xz1vQ==}
    engines: {node: '>=18'}
    deprecated: Use @exodus/bytes instead for a more spec-conformant and faster implementation

  whatwg-mimetype@4.0.0:
    resolution: {integrity: sha512-QaKxh0eNIi2mE9p2vEdzfagOKHCcj1pJ56EEHGQOVxp8r9/iszLUUV7v89x9O1p/T+NlTM5W7jW6+cz4Fq1YVg==}
    engines: {node: '>=18'}

  whatwg-url@14.2.0:
    resolution: {integrity: sha512-De72GdQZzNTUBBChsXueQUnPKDkg/5A5zp7pFDuQAj5UFoENpiACU0wlCvzpAGnTkj++ihpKwKyYewn/XNUbKw==}
    engines: {node: '>=18'}

snapshots:

  '@esbuild/aix-ppc64@0.28.1':
    optional: true

  '@esbuild/android-arm64@0.28.1':
    optional: true

  '@esbuild/android-arm@0.28.1':
    optional: true

  '@esbuild/android-x64@0.28.1':
    optional: true

  '@esbuild/darwin-arm64@0.28.1':
    optional: true

  '@esbuild/darwin-x64@0.28.1':
    optional: true

  '@esbuild/freebsd-arm64@0.28.1':
    optional: true

  '@esbuild/freebsd-x64@0.28.1':
    optional: true

  '@esbuild/linux-arm64@0.28.1':
    optional: true

  '@esbuild/linux-arm@0.28.1':
    optional: true

  '@esbuild/linux-ia32@0.28.1':
    optional: true

  '@esbuild/linux-loong64@0.28.1':
    optional: true

  '@esbuild/linux-mips64el@0.28.1':
    optional: true

  '@esbuild/linux-ppc64@0.28.1':
    optional: true

  '@esbuild/linux-riscv64@0.28.1':
    optional: true

  '@esbuild/linux-s390x@0.28.1':
    optional: true

  '@esbuild/linux-x64@0.28.1':
    optional: true

  '@esbuild/netbsd-arm64@0.28.1':
    optional: true

  '@esbuild/netbsd-x64@0.28.1':
    optional: true

  '@esbuild/openbsd-arm64@0.28.1':
    optional: true

  '@esbuild/openbsd-x64@0.28.1':
    optional: true

  '@esbuild/openharmony-arm64@0.28.1':
    optional: true

  '@esbuild/sunos-x64@0.28.1':
    optional: true

  '@esbuild/win32-arm64@0.28.1':
    optional: true

  '@esbuild/win32-ia32@0.28.1':
    optional: true

  '@esbuild/win32-x64@0.28.1':
    optional: true

  '@mongodb-js/saslprep@1.4.12':
    dependencies:
      sparse-bitfield: 3.0.3

  '@next/env@14.2.35': {}

  '@next/swc-darwin-arm64@14.2.33':
    optional: true

  '@next/swc-darwin-x64@14.2.33':
    optional: true

  '@next/swc-linux-arm64-gnu@14.2.33':
    optional: true

  '@next/swc-linux-arm64-musl@14.2.33':
    optional: true

  '@next/swc-linux-x64-gnu@14.2.33':
    optional: true

  '@next/swc-linux-x64-musl@14.2.33':
    optional: true

  '@next/swc-win32-arm64-msvc@14.2.33':
    optional: true

  '@next/swc-win32-ia32-msvc@14.2.33':
    optional: true

  '@next/swc-win32-x64-msvc@14.2.33':
    optional: true

  '@swc/counter@0.1.3': {}

  '@swc/helpers@0.5.5':
    dependencies:
      '@swc/counter': 0.1.3
      tslib: 2.8.1

  '@turbo/darwin-64@2.10.5':
    optional: true

  '@turbo/darwin-arm64@2.10.5':
    optional: true

  '@turbo/linux-64@2.10.5':
    optional: true

  '@turbo/linux-arm64@2.10.5':
    optional: true

  '@turbo/windows-64@2.10.5':
    optional: true

  '@turbo/windows-arm64@2.10.5':
    optional: true

  '@types/cheerio@1.0.0':
    dependencies:
      cheerio: 1.2.0

  '@types/node@20.19.43':
    dependencies:
      undici-types: 6.21.0

  '@types/prop-types@15.7.15': {}

  '@types/react-dom@18.3.7(@types/react@18.3.31)':
    dependencies:
      '@types/react': 18.3.31

  '@types/react@18.3.31':
    dependencies:
      '@types/prop-types': 15.7.15
      csstype: 3.2.3

  '@types/webidl-conversions@7.0.3': {}

  '@types/whatwg-url@11.0.5':
    dependencies:
      '@types/webidl-conversions': 7.0.3

  agent-base@6.0.2:
    dependencies:
      debug: 4.4.3
    transitivePeerDependencies:
      - supports-color

  asynckit@0.4.0: {}

  axios@1.18.1(debug@4.4.3):
    dependencies:
      follow-redirects: 1.16.0(debug@4.4.3)
      form-data: 4.0.6
      https-proxy-agent: 5.0.1
      proxy-from-env: 2.1.0
    transitivePeerDependencies:
      - debug
      - supports-color

  boolbase@1.0.0: {}

  bson@6.10.4: {}

  busboy@1.6.0:
    dependencies:
      streamsearch: 1.1.0

  call-bind-apply-helpers@1.0.2:
    dependencies:
      es-errors: 1.3.0
      function-bind: 1.1.2

  caniuse-lite@1.0.30001806: {}

  cheerio-select@2.1.0:
    dependencies:
      boolbase: 1.0.0
      css-select: 5.2.2
      css-what: 6.2.2
      domelementtype: 2.3.0
      domhandler: 5.0.3
      domutils: 3.2.2

  cheerio@1.2.0:
    dependencies:
      cheerio-select: 2.1.0
      dom-serializer: 2.0.0
      domhandler: 5.0.3
      domutils: 3.2.2
      encoding-sniffer: 0.2.1
      htmlparser2: 10.1.0
      parse5: 7.3.0
      parse5-htmlparser2-tree-adapter: 7.1.0
      parse5-parser-stream: 7.1.2
      undici: 7.28.0
      whatwg-mimetype: 4.0.0

  client-only@0.0.1: {}

  combined-stream@1.0.8:
    dependencies:
      delayed-stream: 1.0.0

  css-select@5.2.2:
    dependencies:
      boolbase: 1.0.0
      css-what: 6.2.2
      domhandler: 5.0.3
      domutils: 3.2.2
      nth-check: 2.1.1

  css-what@6.2.2: {}

  csstype@3.2.3: {}

  debug@4.4.3:
    dependencies:
      ms: 2.1.3

  delayed-stream@1.0.0: {}

  dom-serializer@2.0.0:
    dependencies:
      domelementtype: 2.3.0
      domhandler: 5.0.3
      entities: 4.5.0

  domelementtype@2.3.0: {}

  domhandler@5.0.3:
    dependencies:
      domelementtype: 2.3.0

  domutils@3.2.2:
    dependencies:
      dom-serializer: 2.0.0
      domelementtype: 2.3.0
      domhandler: 5.0.3

  dunder-proto@1.0.1:
    dependencies:
      call-bind-apply-helpers: 1.0.2
      es-errors: 1.3.0
      gopd: 1.2.0

  encoding-sniffer@0.2.1:
    dependencies:
      iconv-lite: 0.6.3
      whatwg-encoding: 3.1.1

  entities@4.5.0: {}

  entities@6.0.1: {}

  entities@7.0.1: {}

  es-define-property@1.0.1: {}

  es-errors@1.3.0: {}

  es-object-atoms@1.1.2:
    dependencies:
      es-errors: 1.3.0

  es-set-tostringtag@2.1.0:
    dependencies:
      es-errors: 1.3.0
      get-intrinsic: 1.3.0
      has-tostringtag: 1.0.2
      hasown: 2.0.4

  esbuild@0.28.1:
    optionalDependencies:
      '@esbuild/aix-ppc64': 0.28.1
      '@esbuild/android-arm': 0.28.1
      '@esbuild/android-arm64': 0.28.1
      '@esbuild/android-x64': 0.28.1
      '@esbuild/darwin-arm64': 0.28.1
      '@esbuild/darwin-x64': 0.28.1
      '@esbuild/freebsd-arm64': 0.28.1
      '@esbuild/freebsd-x64': 0.28.1
      '@esbuild/linux-arm': 0.28.1
      '@esbuild/linux-arm64': 0.28.1
      '@esbuild/linux-ia32': 0.28.1
      '@esbuild/linux-loong64': 0.28.1
      '@esbuild/linux-mips64el': 0.28.1
      '@esbuild/linux-ppc64': 0.28.1
      '@esbuild/linux-riscv64': 0.28.1
      '@esbuild/linux-s390x': 0.28.1
      '@esbuild/linux-x64': 0.28.1
      '@esbuild/netbsd-arm64': 0.28.1
      '@esbuild/netbsd-x64': 0.28.1
      '@esbuild/openbsd-arm64': 0.28.1
      '@esbuild/openbsd-x64': 0.28.1
      '@esbuild/openharmony-arm64': 0.28.1
      '@esbuild/sunos-x64': 0.28.1
      '@esbuild/win32-arm64': 0.28.1
      '@esbuild/win32-ia32': 0.28.1
      '@esbuild/win32-x64': 0.28.1

  follow-redirects@1.16.0(debug@4.4.3):
    optionalDependencies:
      debug: 4.4.3

  form-data@4.0.6:
    dependencies:
      asynckit: 0.4.0
      combined-stream: 1.0.8
      es-set-tostringtag: 2.1.0
      hasown: 2.0.4
      mime-types: 2.1.35

  fsevents@2.3.3:
    optional: true

  function-bind@1.1.2: {}

  get-intrinsic@1.3.0:
    dependencies:
      call-bind-apply-helpers: 1.0.2
      es-define-property: 1.0.1
      es-errors: 1.3.0
      es-object-atoms: 1.1.2
      function-bind: 1.1.2
      get-proto: 1.0.1
      gopd: 1.2.0
      has-symbols: 1.1.0
      hasown: 2.0.4
      math-intrinsics: 1.1.0

  get-proto@1.0.1:
    dependencies:
      dunder-proto: 1.0.1
      es-object-atoms: 1.1.2

  gopd@1.2.0: {}

  graceful-fs@4.2.11: {}

  has-symbols@1.1.0: {}

  has-tostringtag@1.0.2:
    dependencies:
      has-symbols: 1.1.0

  hasown@2.0.4:
    dependencies:
      function-bind: 1.1.2

  htmlparser2@10.1.0:
    dependencies:
      domelementtype: 2.3.0
      domhandler: 5.0.3
      domutils: 3.2.2
      entities: 7.0.1

  https-proxy-agent@5.0.1:
    dependencies:
      agent-base: 6.0.2
      debug: 4.4.3
    transitivePeerDependencies:
      - supports-color

  iconv-lite@0.6.3:
    dependencies:
      safer-buffer: 2.1.2

  js-tokens@4.0.0: {}

  kareem@2.6.3: {}

  loose-envify@1.4.0:
    dependencies:
      js-tokens: 4.0.0

  math-intrinsics@1.1.0: {}

  memory-pager@1.5.0: {}

  mime-db@1.52.0: {}

  mime-types@2.1.35:
    dependencies:
      mime-db: 1.52.0

  mongodb-connection-string-url@3.0.2:
    dependencies:
      '@types/whatwg-url': 11.0.5
      whatwg-url: 14.2.0

  mongodb@6.20.0:
    dependencies:
      '@mongodb-js/saslprep': 1.4.12
      bson: 6.10.4
      mongodb-connection-string-url: 3.0.2

  mongoose@8.24.1:
    dependencies:
      bson: 6.10.4
      kareem: 2.6.3
      mongodb: 6.20.0
      mpath: 0.9.0
      mquery: 5.0.0
      ms: 2.1.3
      sift: 17.1.3
    transitivePeerDependencies:
      - '@aws-sdk/credential-providers'
      - '@mongodb-js/zstd'
      - gcp-metadata
      - kerberos
      - mongodb-client-encryption
      - snappy
      - socks
      - supports-color

  mpath@0.9.0: {}

  mquery@5.0.0:
    dependencies:
      debug: 4.4.3
    transitivePeerDependencies:
      - supports-color

  ms@2.1.3: {}

  nanoid@3.3.16: {}

  next@14.2.35(react-dom@18.3.1(react@18.3.1))(react@18.3.1):
    dependencies:
      '@next/env': 14.2.35
      '@swc/helpers': 0.5.5
      busboy: 1.6.0
      caniuse-lite: 1.0.30001806
      graceful-fs: 4.2.11
      postcss: 8.4.31
      react: 18.3.1
      react-dom: 18.3.1(react@18.3.1)
      styled-jsx: 5.1.1(react@18.3.1)
    optionalDependencies:
      '@next/swc-darwin-arm64': 14.2.33
      '@next/swc-darwin-x64': 14.2.33
      '@next/swc-linux-arm64-gnu': 14.2.33
      '@next/swc-linux-arm64-musl': 14.2.33
      '@next/swc-linux-x64-gnu': 14.2.33
      '@next/swc-linux-x64-musl': 14.2.33
      '@next/swc-win32-arm64-msvc': 14.2.33
      '@next/swc-win32-ia32-msvc': 14.2.33
      '@next/swc-win32-x64-msvc': 14.2.33
    transitivePeerDependencies:
      - '@babel/core'
      - babel-plugin-macros

  nth-check@2.1.1:
    dependencies:
      boolbase: 1.0.0

  parse5-htmlparser2-tree-adapter@7.1.0:
    dependencies:
      domhandler: 5.0.3
      parse5: 7.3.0

  parse5-parser-stream@7.1.2:
    dependencies:
      parse5: 7.3.0

  parse5@7.3.0:
    dependencies:
      entities: 6.0.1

  picocolors@1.1.1: {}

  postcss@8.4.31:
    dependencies:
      nanoid: 3.3.16
      picocolors: 1.1.1
      source-map-js: 1.2.1

  proxy-from-env@2.1.0: {}

  punycode@2.3.1: {}

  react-dom@18.3.1(react@18.3.1):
    dependencies:
      loose-envify: 1.4.0
      react: 18.3.1
      scheduler: 0.23.2

  react@18.3.1:
    dependencies:
      loose-envify: 1.4.0

  safer-buffer@2.1.2: {}

  scheduler@0.23.2:
    dependencies:
      loose-envify: 1.4.0

  sift@17.1.3: {}

  source-map-js@1.2.1: {}

  sparse-bitfield@3.0.3:
    dependencies:
      memory-pager: 1.5.0

  streamsearch@1.1.0: {}

  styled-jsx@5.1.1(react@18.3.1):
    dependencies:
      client-only: 0.0.1
      react: 18.3.1

  tr46@5.1.1:
    dependencies:
      punycode: 2.3.1

  tslib@2.8.1: {}

  tsx@4.23.1:
    dependencies:
      esbuild: 0.28.1
    optionalDependencies:
      fsevents: 2.3.3

  turbo@2.10.5:
    optionalDependencies:
      '@turbo/darwin-64': 2.10.5
      '@turbo/darwin-arm64': 2.10.5
      '@turbo/linux-64': 2.10.5
      '@turbo/linux-arm64': 2.10.5
      '@turbo/windows-64': 2.10.5
      '@turbo/windows-arm64': 2.10.5

  typescript@5.9.3: {}

  undici-types@6.21.0: {}

  undici@7.28.0: {}

  webidl-conversions@7.0.0: {}

  whatwg-encoding@3.1.1:
    dependencies:
      iconv-lite: 0.6.3

  whatwg-mimetype@4.0.0: {}

  whatwg-url@14.2.0:
    dependencies:
      tr46: 5.1.1
      webidl-conversions: 7.0.0
